{
  "name": "logistics-tracker",
  "lockfileVersion": 3,
  "requires": true,
  "packages": {
    "": {
      "dependencies": {
        "-": "^0.0.1",
        "pnp": "^0.0.3"
      }
    },
    "node_modules/-": {
      "version": "0.0.1",
      "resolved": "https://registry.npmjs.org/-/-/--0.0.1.tgz",
      "integrity": "sha512-3HfneK3DGAm05fpyj20sT3apkNcvPpCuccOThOPdzz8sY7GgQGe0l93XH9bt+YzibcTIgUAIMoyVJI740RtgyQ==",
      "license": "UNLICENSED"
    },
    "node_modules/assert-plus": {
      "version": "1.0.0",
      "resolved": "https://registry.npmjs.org/assert-plus/-/assert-plus-1.0.0.tgz",
      "integrity": "sha512-NfJ4UzBCcQGLDlQq7nHxH+tv3kyZ0hHQqF5BO6J7tNJeP5do1llPr8dZ8zHonfhAu0PHAdMkSo+8o0wxg9lZWw==",
      "license": "MIT",
      "engines": {
        "node": ">=0.8"
      }
    },
    "node_modules/dashdash": {
      "version": "1.14.1",
      "resolved": "https://registry.npmjs.org/dashdash/-/dashdash-1.14.1.tgz",
      "integrity": "sha512-jRFi8UDGo6j+odZiEpjazZaWqEal3w/basFjQHQEwVtZJGDpxbH1MeYluwCS8Xq5wmLJooDlMgvVarmWfGM44g==",
      "license": "MIT",
      "dependencies": {
        "assert-plus": "^1.0.0"
      },
      "engines": {
        "node": ">=0.10"
      }
    },
    "node_modules/ejs": {
      "version": "1.0.0",
      "resolved": "https://registry.npmjs.org/ejs/-/ejs-1.0.0.tgz",
      "integrity": "sha512-hK3tEqj0pP7UF5UHKNiRvm3zCaYk7UI4EBJ6wwN5O2qX1WdSovmqvUHEbNOJuglXzVkk/H0r7vgst3mVcQXrPA==",
      "deprecated": "Critical security bugs fixed in 2.5.5"
    },
    "node_modules/pnp": {
      "version": "0.0.3",
      "resolved": "https://registry.npmjs.org/pnp/-/pnp-0.0.3.tgz",
      "integrity": "sha512-OQHNwRwXRUfpTPULPeBl9B1tAQIWZCOS4hDgSUlvuyVb6ZYromTkN5fxMtrD3seBIQOsc6iKTVUTpmAnaztT/g==",
      "license": "ISC",
      "dependencies": {
        "dashdash": "^1.5.0",
        "ejs": "^1.0.0",
        "url": "^0.10.1"
      },
      "bin": {
        "pnp": "cli.js"
      }
    },
    "node_modules/punycode": {
      "version": "1.3.2",
      "resolved": "https://registry.npmjs.org/punycode/-/punycode-1.3.2.tgz",
      "integrity": "sha512-RofWgt/7fL5wP1Y7fxE7/EmTLzQVnB0ycyibJ0OOHIlJqTNzglYFxVwETOcIoJqJmpDXJ9xImDv+Fq34F/d4Dw==",
      "license": "MIT"
    },
    "node_modules/querystring": {
      "version": "0.2.0",
      "resolved": "https://registry.npmjs.org/querystring/-/querystring-0.2.0.tgz",
      "integrity": "sha512-X/xY82scca2tau62i9mDyU9K+I+djTMUsvwf7xnUX5GLvVzgJybOJf4Y6o9Zx3oJK/LSXg5tTZBjwzqVPaPO2g==",
      "deprecated": "The querystring API is considered Legacy. new code should use the URLSearchParams API instead.",
      "engines": {
        "node": ">=0.4.x"
      }
    },
    "node_modules/url": {
      "version": "0.10.3",
      "resolved": "https://registry.npmjs.org/url/-/url-0.10.3.tgz",
      "integrity": "sha512-hzSUW2q06EqL1gKM/a+obYHLIO6ct2hwPuviqTTOcfFVc61UbfJ2Q32+uGL/HCPxKqrdGB5QUwIe7UqlDgwsOQ==",
      "license": "MIT",
      "dependencies": {
        "punycode": "1.3.2",
        "querystring": "0.2.0"
      }
    }
  }
}
